
Microsoft Visual Studio Solution File, Format Version 12.00
# Visual Studio Version 17
VisualStudioVersion = 17.9.34701.34
MinimumVisualStudioVersion = 10.0.40219.1
Project("{FAE04EC0-301F-11D3-BF4B-00C04F79EFBC}") = "zxc.Server", "zxc.Server\zxc.Server.csproj", "{500BF8EB-6E87-438B-8151-426EC2411846}"
EndProject
Project("{54A90642-561A-4BB1-A94E-469ADEE60C69}") = "zxc.client", "zxc.client\zxc.client.esproj", "{71152F76-9A5B-432D-AC6F-2ED6E93ED291}"
EndProject
Global
	GlobalSection(SolutionConfigurationPlatforms) = preSolution
		Debug|Any CPU = Debug|Any CPU
		Release|Any CPU = Release|Any CPU
	EndGlobalSection
	GlobalSection(ProjectConfigurationPlatforms) = postSolution
		{500BF8EB-6E87-438B-8151-426EC2411846}.Debug|Any CPU.ActiveCfg = Debug|Any CPU
		{500BF8EB-6E87-438B-8151-426EC2411846}.Debug|Any CPU.Build.0 = Debug|Any CPU
		{500BF8EB-6E87-438B-8151-426EC2411846}.Release|Any CPU.ActiveCfg = Release|Any CPU
		{500BF8EB-6E87-438B-8151-426EC2411846}.Release|Any CPU.Build.0 = Release|Any CPU
		{71152F76-9A5B-432D-AC6F-2ED6E93ED291}.Debug|Any CPU.ActiveCfg = Debug|Any CPU
		{71152F76-9A5B-432D-AC6F-2ED6E93ED291}.Debug|Any CPU.Build.0 = Debug|Any CPU
		{71152F76-9A5B-432D-AC6F-2ED6E93ED291}.Debug|Any CPU.Deploy.0 = Debug|Any CPU
		{71152F76-9A5B-432D-AC6F-2ED6E93ED291}.Release|Any CPU.ActiveCfg = Release|Any CPU
		{71152F76-9A5B-432D-AC6F-2ED6E93ED291}.Release|Any CPU.Build.0 = Release|Any CPU
		{71152F76-9A5B-432D-AC6F-2ED6E93ED291}.Release|Any CPU.Deploy.0 = Release|Any CPU
	EndGlobalSection
	GlobalSection(SolutionProperties) = preSolution
		HideSolutionNode = FALSE
	EndGlobalSection
	GlobalSection(ExtensibilityGlobals) = postSolution
		SolutionGuid = {A0C518AB-E539-4289-9A1B-6B277BF69AE2}
	EndGlobalSection
EndGlobal
